
Microsoft Visual Studio Solution File, Format Version 12.00
# Visual Studio Version 16
VisualStudioVersion = 16.0.29424.173
MinimumVisualStudioVersion = 10.0.40219.1
Project("{2150E333-8FDC-42A3-9474-1A3956D46DE8}") = "Tests", "Tests", "{3886ED9F-B6B5-404C-87C3-7643D29B3825}"
EndProject
Project("{2150E333-8FDC-42A3-9474-1A3956D46DE8}") = "Businesses", "Businesses", "{A2ACCAC3-D550-44EB-8AE4-18E6F0CA5866}"
EndProject
Project("{2150E333-8FDC-42A3-9474-1A3956D46DE8}") = "Communications", "Communications", "{9F002541-A49E-4CA2-82F5-648DABF25BED}"
EndProject
Project("{9A19103F-16F7-4668-BE54-9A1E7A4F7556}") = "Compeng.PEQP.WebAPI", "WLYD.PEQP.WebAPI\Compeng.PEQP.WebAPI.csproj", "{843662DE-4C47-4DCC-A177-33916D56B273}"
EndProject
Project("{9A19103F-16F7-4668-BE54-9A1E7A4F7556}") = "Compeng.PEQP.Dto", "WLYD.PEQP.Dto\Compeng.PEQP.Dto.csproj", "{40FEB424-C409-4A5A-BDFA-32BF6AB9F224}"
EndProject
Project("{9A19103F-16F7-4668-BE54-9A1E7A4F7556}") = "Compeng.PEQP.Service", "WLYD.PEQP.Service\Compeng.PEQP.Service.csproj", "{3031A333-6DFE-4F57-A305-D30AD896EC1C}"
EndProject
Project("{9A19103F-16F7-4668-BE54-9A1E7A4F7556}") = "Compeng.PEQP.Model", "WLYD.PEQP.Model\Compeng.PEQP.Model.csproj", "{E22B3DF8-D204-447C-8576-C47E6492385C}"
EndProject
Project("{9A19103F-16F7-4668-BE54-9A1E7A4F7556}") = "Compeng.PEQP.Util", "WLYD.PEQP.Util\Compeng.PEQP.Util.csproj", "{17701EE2-EDC7-4F9E-9B6C-61295AF2C905}"
EndProject
Project("{9A19103F-16F7-4668-BE54-9A1E7A4F7556}") = "Compeng.PEQP.Repository", "WLYD.PEQP.Repository\Compeng.PEQP.Repository.csproj", "{DA6E1418-4DBE-4C28-B4AF-F7DF31DB9248}"
EndProject
Project("{9A19103F-16F7-4668-BE54-9A1E7A4F7556}") = "Compeng.PEQP.Test", "WLYD.PEQP.Test\Compeng.PEQP.Test.csproj", "{9B067239-BB16-4932-8075-738416AE9A69}"
EndProject
Project("{2150E333-8FDC-42A3-9474-1A3956D46DE8}") = "Rpc", "Rpc", "{80B1BA68-E220-463F-AF50-4D64EB197D5C}"
EndProject
Project("{9A19103F-16F7-4668-BE54-9A1E7A4F7556}") = "Compeng.Rpc.Core", "WLYD.Rpc.Core\Compeng.Rpc.Core.csproj", "{C6D88A61-CD73-44DC-B8D9-9CD019794C97}"
EndProject
Project("{9A19103F-16F7-4668-BE54-9A1E7A4F7556}") = "Compeng.Rpc.Server", "WLYD.Rpc.Server\Compeng.Rpc.Server.csproj", "{87DE2BAE-959B-4EBD-B28B-7547F85FBFCB}"
EndProject
Project("{9A19103F-16F7-4668-BE54-9A1E7A4F7556}") = "Compeng.Rpc.Client", "WLYD.Rpc.Client\Compeng.Rpc.Client.csproj", "{BE3A8B0C-710D-40CB-B96C-2495B7B3360E}"
EndProject
Project("{9A19103F-16F7-4668-BE54-9A1E7A4F7556}") = "Rpc.Test", "Rpc.Test\Rpc.Test.csproj", "{2448BD17-65EB-488F-9CDE-31EA0A6564FF}"
EndProject
Project("{2150E333-8FDC-42A3-9474-1A3956D46DE8}") = "Util", "Util", "{674450E0-5CFD-4E71-A3DF-1D15A688B70D}"
EndProject
Project("{9A19103F-16F7-4668-BE54-9A1E7A4F7556}") = "Compeng.Swagger", "WLYD.Swagger\Compeng.Swagger.csproj", "{F452260C-2F23-44C4-9D0F-C0ADEDC04511}"
EndProject
Project("{9A19103F-16F7-4668-BE54-9A1E7A4F7556}") = "Compeng.PEQP.Facade", "WLYD.PEQP.Facade\Compeng.PEQP.Facade.csproj", "{40B94F3F-DC4A-4EF0-AB37-7AEBE767EA49}"
EndProject
Project("{9A19103F-16F7-4668-BE54-9A1E7A4F7556}") = "Compeng.PEQP.GrpcService", "WLYD.PEQP.GrpcService\Compeng.PEQP.GrpcService.csproj", "{191D4533-F779-43CC-9BD4-1B5A74D316F5}"
EndProject
Project("{9A19103F-16F7-4668-BE54-9A1E7A4F7556}") = "Compeng.PEQP.BenchMark", "WLYD.PEQP.BenchMark\Compeng.PEQP.BenchMark.csproj", "{99ED4228-F689-4C2A-B814-D408F5ABF467}"
EndProject
Project("{9A19103F-16F7-4668-BE54-9A1E7A4F7556}") = "Compeng.MongoDB", "WLYD.MongoDB\Compeng.MongoDB.csproj", "{21A06D5B-EAE3-40F7-AFE1-61231EC3AC2B}"
EndProject
Global
	GlobalSection(SolutionConfigurationPlatforms) = preSolution
		Debug|Any CPU = Debug|Any CPU
		Release|Any CPU = Release|Any CPU
	EndGlobalSection
	GlobalSection(ProjectConfigurationPlatforms) = postSolution
		{843662DE-4C47-4DCC-A177-33916D56B273}.Debug|Any CPU.ActiveCfg = Debug|Any CPU
		{843662DE-4C47-4DCC-A177-33916D56B273}.Debug|Any CPU.Build.0 = Debug|Any CPU
		{843662DE-4C47-4DCC-A177-33916D56B273}.Release|Any CPU.ActiveCfg = Release|Any CPU
		{843662DE-4C47-4DCC-A177-33916D56B273}.Release|Any CPU.Build.0 = Release|Any CPU
		{40FEB424-C409-4A5A-BDFA-32BF6AB9F224}.Debug|Any CPU.ActiveCfg = Debug|Any CPU
		{40FEB424-C409-4A5A-BDFA-32BF6AB9F224}.Debug|Any CPU.Build.0 = Debug|Any CPU
		{40FEB424-C409-4A5A-BDFA-32BF6AB9F224}.Release|Any CPU.ActiveCfg = Release|Any CPU
		{40FEB424-C409-4A5A-BDFA-32BF6AB9F224}.Release|Any CPU.Build.0 = Release|Any CPU
		{3031A333-6DFE-4F57-A305-D30AD896EC1C}.Debug|Any CPU.ActiveCfg = Debug|Any CPU
		{3031A333-6DFE-4F57-A305-D30AD896EC1C}.Debug|Any CPU.Build.0 = Debug|Any CPU
		{3031A333-6DFE-4F57-A305-D30AD896EC1C}.Release|Any CPU.ActiveCfg = Release|Any CPU
		{3031A333-6DFE-4F57-A305-D30AD896EC1C}.Release|Any CPU.Build.0 = Release|Any CPU
		{E22B3DF8-D204-447C-8576-C47E6492385C}.Debug|Any CPU.ActiveCfg = Debug|Any CPU
		{E22B3DF8-D204-447C-8576-C47E6492385C}.Debug|Any CPU.Build.0 = Debug|Any CPU
		{E22B3DF8-D204-447C-8576-C47E6492385C}.Release|Any CPU.ActiveCfg = Release|Any CPU
		{E22B3DF8-D204-447C-8576-C47E6492385C}.Release|Any CPU.Build.0 = Release|Any CPU
		{17701EE2-EDC7-4F9E-9B6C-61295AF2C905}.Debug|Any CPU.ActiveCfg = Debug|Any CPU
		{17701EE2-EDC7-4F9E-9B6C-61295AF2C905}.Debug|Any CPU.Build.0 = Debug|Any CPU
		{17701EE2-EDC7-4F9E-9B6C-61295AF2C905}.Release|Any CPU.ActiveCfg = Release|Any CPU
		{17701EE2-EDC7-4F9E-9B6C-61295AF2C905}.Release|Any CPU.Build.0 = Release|Any CPU
		{DA6E1418-4DBE-4C28-B4AF-F7DF31DB9248}.Debug|Any CPU.ActiveCfg = Debug|Any CPU
		{DA6E1418-4DBE-4C28-B4AF-F7DF31DB9248}.Debug|Any CPU.Build.0 = Debug|Any CPU
		{DA6E1418-4DBE-4C28-B4AF-F7DF31DB9248}.Release|Any CPU.ActiveCfg = Release|Any CPU
		{DA6E1418-4DBE-4C28-B4AF-F7DF31DB9248}.Release|Any CPU.Build.0 = Release|Any CPU
		{9B067239-BB16-4932-8075-738416AE9A69}.Debug|Any CPU.ActiveCfg = Debug|Any CPU
		{9B067239-BB16-4932-8075-738416AE9A69}.Debug|Any CPU.Build.0 = Debug|Any CPU
		{9B067239-BB16-4932-8075-738416AE9A69}.Release|Any CPU.ActiveCfg = Release|Any CPU
		{9B067239-BB16-4932-8075-738416AE9A69}.Release|Any CPU.Build.0 = Release|Any CPU
		{C6D88A61-CD73-44DC-B8D9-9CD019794C97}.Debug|Any CPU.ActiveCfg = Debug|Any CPU
		{C6D88A61-CD73-44DC-B8D9-9CD019794C97}.Debug|Any CPU.Build.0 = Debug|Any CPU
		{C6D88A61-CD73-44DC-B8D9-9CD019794C97}.Release|Any CPU.ActiveCfg = Release|Any CPU
		{C6D88A61-CD73-44DC-B8D9-9CD019794C97}.Release|Any CPU.Build.0 = Release|Any CPU
		{87DE2BAE-959B-4EBD-B28B-7547F85FBFCB}.Debug|Any CPU.ActiveCfg = Debug|Any CPU
		{87DE2BAE-959B-4EBD-B28B-7547F85FBFCB}.Debug|Any CPU.Build.0 = Debug|Any CPU
		{87DE2BAE-959B-4EBD-B28B-7547F85FBFCB}.Release|Any CPU.ActiveCfg = Release|Any CPU
		{87DE2BAE-959B-4EBD-B28B-7547F85FBFCB}.Release|Any CPU.Build.0 = Release|Any CPU
		{BE3A8B0C-710D-40CB-B96C-2495B7B3360E}.Debug|Any CPU.ActiveCfg = Debug|Any CPU
		{BE3A8B0C-710D-40CB-B96C-2495B7B3360E}.Debug|Any CPU.Build.0 = Debug|Any CPU
		{BE3A8B0C-710D-40CB-B96C-2495B7B3360E}.Release|Any CPU.ActiveCfg = Release|Any CPU
		{BE3A8B0C-710D-40CB-B96C-2495B7B3360E}.Release|Any CPU.Build.0 = Release|Any CPU
		{2448BD17-65EB-488F-9CDE-31EA0A6564FF}.Debug|Any CPU.ActiveCfg = Debug|Any CPU
		{2448BD17-65EB-488F-9CDE-31EA0A6564FF}.Debug|Any CPU.Build.0 = Debug|Any CPU
		{2448BD17-65EB-488F-9CDE-31EA0A6564FF}.Release|Any CPU.ActiveCfg = Release|Any CPU
		{2448BD17-65EB-488F-9CDE-31EA0A6564FF}.Release|Any CPU.Build.0 = Release|Any CPU
		{F452260C-2F23-44C4-9D0F-C0ADEDC04511}.Debug|Any CPU.ActiveCfg = Debug|Any CPU
		{F452260C-2F23-44C4-9D0F-C0ADEDC04511}.Debug|Any CPU.Build.0 = Debug|Any CPU
		{F452260C-2F23-44C4-9D0F-C0ADEDC04511}.Release|Any CPU.ActiveCfg = Release|Any CPU
		{F452260C-2F23-44C4-9D0F-C0ADEDC04511}.Release|Any CPU.Build.0 = Release|Any CPU
		{40B94F3F-DC4A-4EF0-AB37-7AEBE767EA49}.Debug|Any CPU.ActiveCfg = Debug|Any CPU
		{40B94F3F-DC4A-4EF0-AB37-7AEBE767EA49}.Debug|Any CPU.Build.0 = Debug|Any CPU
		{40B94F3F-DC4A-4EF0-AB37-7AEBE767EA49}.Release|Any CPU.ActiveCfg = Release|Any CPU
		{40B94F3F-DC4A-4EF0-AB37-7AEBE767EA49}.Release|Any CPU.Build.0 = Release|Any CPU
		{191D4533-F779-43CC-9BD4-1B5A74D316F5}.Debug|Any CPU.ActiveCfg = Debug|Any CPU
		{191D4533-F779-43CC-9BD4-1B5A74D316F5}.Debug|Any CPU.Build.0 = Debug|Any CPU
		{191D4533-F779-43CC-9BD4-1B5A74D316F5}.Release|Any CPU.ActiveCfg = Release|Any CPU
		{191D4533-F779-43CC-9BD4-1B5A74D316F5}.Release|Any CPU.Build.0 = Release|Any CPU
		{99ED4228-F689-4C2A-B814-D408F5ABF467}.Debug|Any CPU.ActiveCfg = Debug|Any CPU
		{99ED4228-F689-4C2A-B814-D408F5ABF467}.Debug|Any CPU.Build.0 = Debug|Any CPU
		{99ED4228-F689-4C2A-B814-D408F5ABF467}.Release|Any CPU.ActiveCfg = Release|Any CPU
		{99ED4228-F689-4C2A-B814-D408F5ABF467}.Release|Any CPU.Build.0 = Release|Any CPU
		{21A06D5B-EAE3-40F7-AFE1-61231EC3AC2B}.Debug|Any CPU.ActiveCfg = Debug|Any CPU
		{21A06D5B-EAE3-40F7-AFE1-61231EC3AC2B}.Debug|Any CPU.Build.0 = Debug|Any CPU
		{21A06D5B-EAE3-40F7-AFE1-61231EC3AC2B}.Release|Any CPU.ActiveCfg = Release|Any CPU
		{21A06D5B-EAE3-40F7-AFE1-61231EC3AC2B}.Release|Any CPU.Build.0 = Release|Any CPU
	EndGlobalSection
	GlobalSection(SolutionProperties) = preSolution
		HideSolutionNode = FALSE
	EndGlobalSection
	GlobalSection(NestedProjects) = preSolution
		{843662DE-4C47-4DCC-A177-33916D56B273} = {9F002541-A49E-4CA2-82F5-648DABF25BED}
		{40FEB424-C409-4A5A-BDFA-32BF6AB9F224} = {A2ACCAC3-D550-44EB-8AE4-18E6F0CA5866}
		{3031A333-6DFE-4F57-A305-D30AD896EC1C} = {A2ACCAC3-D550-44EB-8AE4-18E6F0CA5866}
		{E22B3DF8-D204-447C-8576-C47E6492385C} = {A2ACCAC3-D550-44EB-8AE4-18E6F0CA5866}
		{17701EE2-EDC7-4F9E-9B6C-61295AF2C905} = {674450E0-5CFD-4E71-A3DF-1D15A688B70D}
		{DA6E1418-4DBE-4C28-B4AF-F7DF31DB9248} = {A2ACCAC3-D550-44EB-8AE4-18E6F0CA5866}
		{9B067239-BB16-4932-8075-738416AE9A69} = {3886ED9F-B6B5-404C-87C3-7643D29B3825}
		{C6D88A61-CD73-44DC-B8D9-9CD019794C97} = {80B1BA68-E220-463F-AF50-4D64EB197D5C}
		{87DE2BAE-959B-4EBD-B28B-7547F85FBFCB} = {80B1BA68-E220-463F-AF50-4D64EB197D5C}
		{BE3A8B0C-710D-40CB-B96C-2495B7B3360E} = {80B1BA68-E220-463F-AF50-4D64EB197D5C}
		{2448BD17-65EB-488F-9CDE-31EA0A6564FF} = {3886ED9F-B6B5-404C-87C3-7643D29B3825}
		{F452260C-2F23-44C4-9D0F-C0ADEDC04511} = {674450E0-5CFD-4E71-A3DF-1D15A688B70D}
		{40B94F3F-DC4A-4EF0-AB37-7AEBE767EA49} = {9F002541-A49E-4CA2-82F5-648DABF25BED}
		{191D4533-F779-43CC-9BD4-1B5A74D316F5} = {9F002541-A49E-4CA2-82F5-648DABF25BED}
		{99ED4228-F689-4C2A-B814-D408F5ABF467} = {3886ED9F-B6B5-404C-87C3-7643D29B3825}
		{21A06D5B-EAE3-40F7-AFE1-61231EC3AC2B} = {674450E0-5CFD-4E71-A3DF-1D15A688B70D}
	EndGlobalSection
	GlobalSection(ExtensibilityGlobals) = postSolution
		SolutionGuid = {DBF73A34-9851-499C-8A1C-07188ACF3EE8}
	EndGlobalSection
EndGlobal
